
Microsoft Visual Studio Solution File, Format Version 12.00
# Visual Studio 2015
Project("{FAE04EC0-301F-11D3-BF4B-00C04F79EFBC}") = "FruitSlicer.CSharp", "FruitSlicer.CSharp.csproj", "{B9042BE4-BA67-65B7-AFF7-EF3AC31E1434}"
EndProject
Global
	GlobalSection(SolutionConfigurationPlatforms) = preSolution
		Debug|Any CPU = Debug|Any CPU
		Release|Any CPU = Release|Any CPU
	EndGlobalSection
	GlobalSection(ProjectConfigurationPlatforms) = postSolution
		{B9042BE4-BA67-65B7-AFF7-EF3AC31E1434}.Debug|Any CPU.ActiveCfg = Debug|Any CPU
		{B9042BE4-BA67-65B7-AFF7-EF3AC31E1434}.Debug|Any CPU.Build.0 = Debug|Any CPU
		{B9042BE4-BA67-65B7-AFF7-EF3AC31E1434}.Release|Any CPU.ActiveCfg = Release|Any CPU
		{B9042BE4-BA67-65B7-AFF7-EF3AC31E1434}.Release|Any CPU.Build.0 = Release|Any CPU
	EndGlobalSection
	GlobalSection(SolutionProperties) = preSolution
		HideSolutionNode = FALSE
	EndGlobalSection
EndGlobal
