Microsoft Visual Studio Solution File, Format Version 11.00
# Visual Studio 2008

Project("{1A8063C2-014C-592C-8A37-D2426E0D0471}") = "MyoTest", "Assembly-CSharp.csproj", "{7E530831-F9A6-4782-E996-4F13177228D9}"
EndProject
Global
	GlobalSection(SolutionConfigurationPlatforms) = preSolution
		Debug|Any CPU = Debug|Any CPU
		Release|Any CPU = Release|Any CPU
	EndGlobalSection
	GlobalSection(ProjectConfigurationPlatforms) = postSolution
		{7E530831-F9A6-4782-E996-4F13177228D9}.Debug|Any CPU.ActiveCfg = Debug|Any CPU
		{7E530831-F9A6-4782-E996-4F13177228D9}.Debug|Any CPU.Build.0 = Debug|Any CPU
		{7E530831-F9A6-4782-E996-4F13177228D9}.Release|Any CPU.ActiveCfg = Release|Any CPU
		{7E530831-F9A6-4782-E996-4F13177228D9}.Release|Any CPU.Build.0 = Release|Any CPU
	EndGlobalSection
	GlobalSection(SolutionProperties) = preSolution
		HideSolutionNode = FALSE
	EndGlobalSection
	GlobalSection(MonoDevelopProperties) = preSolution
		StartupItem = Assembly-CSharp.csproj
	EndGlobalSection
EndGlobal
